
Microsoft Visual Studio Solution File, Format Version 12.00
# Visual Studio 14
VisualStudioVersion = 14.0.23107.0
MinimumVisualStudioVersion = 10.0.40219.1
Project("{FAE04EC0-301F-11D3-BF4B-00C04F79EFBC}") = "01.ReverseString", "01.ReverseString\01.ReverseString.csproj", "{DB1B6D98-66DA-4CCA-BF77-F4FBBE0F50E2}"
EndProject
Project("{FAE04EC0-301F-11D3-BF4B-00C04F79EFBC}") = "02.StringLength", "02.StringLength\02.StringLength.csproj", "{430D99DA-CA3D-46DF-8891-0287BC54AB81}"
EndProject
Project("{FAE04EC0-301F-11D3-BF4B-00C04F79EFBC}") = "03.CountSubStringOccurences", "03.CountSubStringOccurences\03.CountSubStringOccurences.csproj", "{19E35CE0-444D-453B-97DF-219C207F1D4E}"
EndProject
Project("{FAE04EC0-301F-11D3-BF4B-00C04F79EFBC}") = "04.TextFilter", "04.TextFilter\04.TextFilter.csproj", "{BAC8D4DC-9CB0-4529-9258-30A7DB8EA66B}"
EndProject
Project("{FAE04EC0-301F-11D3-BF4B-00C04F79EFBC}") = "05.UnicodeCharacters", "05.UnicodeCharacters\05.UnicodeCharacters.csproj", "{C655BA9D-2240-4C49-8E5A-2A1127F1A2AB}"
EndProject
Project("{FAE04EC0-301F-11D3-BF4B-00C04F79EFBC}") = "06.Palindromes", "06.Palindromes\06.Palindromes.csproj", "{E1FD0E01-B919-49A8-AEC8-6152FA5D9015}"
EndProject
Global
	GlobalSection(SolutionConfigurationPlatforms) = preSolution
		Debug|Any CPU = Debug|Any CPU
		Release|Any CPU = Release|Any CPU
	EndGlobalSection
	GlobalSection(ProjectConfigurationPlatforms) = postSolution
		{DB1B6D98-66DA-4CCA-BF77-F4FBBE0F50E2}.Debug|Any CPU.ActiveCfg = Debug|Any CPU
		{DB1B6D98-66DA-4CCA-BF77-F4FBBE0F50E2}.Debug|Any CPU.Build.0 = Debug|Any CPU
		{DB1B6D98-66DA-4CCA-BF77-F4FBBE0F50E2}.Release|Any CPU.ActiveCfg = Release|Any CPU
		{DB1B6D98-66DA-4CCA-BF77-F4FBBE0F50E2}.Release|Any CPU.Build.0 = Release|Any CPU
		{430D99DA-CA3D-46DF-8891-0287BC54AB81}.Debug|Any CPU.ActiveCfg = Debug|Any CPU
		{430D99DA-CA3D-46DF-8891-0287BC54AB81}.Debug|Any CPU.Build.0 = Debug|Any CPU
		{430D99DA-CA3D-46DF-8891-0287BC54AB81}.Release|Any CPU.ActiveCfg = Release|Any CPU
		{430D99DA-CA3D-46DF-8891-0287BC54AB81}.Release|Any CPU.Build.0 = Release|Any CPU
		{19E35CE0-444D-453B-97DF-219C207F1D4E}.Debug|Any CPU.ActiveCfg = Debug|Any CPU
		{19E35CE0-444D-453B-97DF-219C207F1D4E}.Debug|Any CPU.Build.0 = Debug|Any CPU
		{19E35CE0-444D-453B-97DF-219C207F1D4E}.Release|Any CPU.ActiveCfg = Release|Any CPU
		{19E35CE0-444D-453B-97DF-219C207F1D4E}.Release|Any CPU.Build.0 = Release|Any CPU
		{BAC8D4DC-9CB0-4529-9258-30A7DB8EA66B}.Debug|Any CPU.ActiveCfg = Debug|Any CPU
		{BAC8D4DC-9CB0-4529-9258-30A7DB8EA66B}.Debug|Any CPU.Build.0 = Debug|Any CPU
		{BAC8D4DC-9CB0-4529-9258-30A7DB8EA66B}.Release|Any CPU.ActiveCfg = Release|Any CPU
		{BAC8D4DC-9CB0-4529-9258-30A7DB8EA66B}.Release|Any CPU.Build.0 = Release|Any CPU
		{C655BA9D-2240-4C49-8E5A-2A1127F1A2AB}.Debug|Any CPU.ActiveCfg = Debug|Any CPU
		{C655BA9D-2240-4C49-8E5A-2A1127F1A2AB}.Debug|Any CPU.Build.0 = Debug|Any CPU
		{C655BA9D-2240-4C49-8E5A-2A1127F1A2AB}.Release|Any CPU.ActiveCfg = Release|Any CPU
		{C655BA9D-2240-4C49-8E5A-2A1127F1A2AB}.Release|Any CPU.Build.0 = Release|Any CPU
		{E1FD0E01-B919-49A8-AEC8-6152FA5D9015}.Debug|Any CPU.ActiveCfg = Debug|Any CPU
		{E1FD0E01-B919-49A8-AEC8-6152FA5D9015}.Debug|Any CPU.Build.0 = Debug|Any CPU
		{E1FD0E01-B919-49A8-AEC8-6152FA5D9015}.Release|Any CPU.ActiveCfg = Release|Any CPU
		{E1FD0E01-B919-49A8-AEC8-6152FA5D9015}.Release|Any CPU.Build.0 = Release|Any CPU
	EndGlobalSection
	GlobalSection(SolutionProperties) = preSolution
		HideSolutionNode = FALSE
	EndGlobalSection
EndGlobal
